
Microsoft Visual Studio Solution File, Format Version 12.00
# Visual Studio Version 16
VisualStudioVersion = 16.0.30517.126
MinimumVisualStudioVersion = 10.0.40219.1
Project("{FAE04EC0-301F-11D3-BF4B-00C04F79EFBC}") = "WpfApp.Calculator", "WpfApp.Calculator\WpfApp.Calculator.csproj", "{319E91D9-E5B6-49EC-B31B-FA16C0BB883B}"
EndProject
Global
	GlobalSection(SolutionConfigurationPlatforms) = preSolution
		Debug|Any CPU = Debug|Any CPU
		Release|Any CPU = Release|Any CPU
	EndGlobalSection
	GlobalSection(ProjectConfigurationPlatforms) = postSolution
		{319E91D9-E5B6-49EC-B31B-FA16C0BB883B}.Debug|Any CPU.ActiveCfg = Debug|Any CPU
		{319E91D9-E5B6-49EC-B31B-FA16C0BB883B}.Debug|Any CPU.Build.0 = Debug|Any CPU
		{319E91D9-E5B6-49EC-B31B-FA16C0BB883B}.Release|Any CPU.ActiveCfg = Release|Any CPU
		{319E91D9-E5B6-49EC-B31B-FA16C0BB883B}.Release|Any CPU.Build.0 = Release|Any CPU
	EndGlobalSection
	GlobalSection(SolutionProperties) = preSolution
		HideSolutionNode = FALSE
	EndGlobalSection
	GlobalSection(ExtensibilityGlobals) = postSolution
		SolutionGuid = {6A50B0AE-A132-4D90-AF9E-30B55E00B662}
	EndGlobalSection
EndGlobal
